// !$*UTF8*$!
{
	archiveVersion = 1;
	classes = {
	};
	objectVersion = 55;
	objects = {

/* Begin PBXBuildFile section */
		BA5A156128422D8A00318650 /* SearchResultViewController.swift in Sources */ = {isa = PBXBuildFile; fileRef = BA5A156028422D8A00318650 /* SearchResultViewController.swift */; };
		BA6924062842810C005D12C7 /* SearchTableViewCell.swift in Sources */ = {isa = PBXBuildFile; fileRef = BA6924052842810C005D12C7 /* SearchTableViewCell.swift */; };
		BA7731592840A2CD005F936B /* AppDelegate.swift in Sources */ = {isa = PBXBuildFile; fileRef = BA7731582840A2CD005F936B /* AppDelegate.swift */; };
		BA77315B2840A2CD005F936B /* SceneDelegate.swift in Sources */ = {isa = PBXBuildFile; fileRef = BA77315A2840A2CD005F936B /* SceneDelegate.swift */; };
		BA77315D2840A2CD005F936B /* ViewController.swift in Sources */ = {isa = PBXBuildFile; fileRef = BA77315C2840A2CD005F936B /* ViewController.swift */; };
		BA7731622840A2D1005F936B /* Assets.xcassets in Resources */ = {isa = PBXBuildFile; fileRef = BA7731612840A2D1005F936B /* Assets.xcassets */; };
		BA7731652840A2D1005F936B /* LaunchScreen.storyboard in Resources */ = {isa = PBXBuildFile; fileRef = BA7731632840A2D1005F936B /* LaunchScreen.storyboard */; };
		BA7731702840A2D2005F936B /* GoGoAnimeTests.swift in Sources */ = {isa = PBXBuildFile; fileRef = BA77316F2840A2D2005F936B /* GoGoAnimeTests.swift */; };
		BA77317A2840A2D2005F936B /* GoGoAnimeUITests.swift in Sources */ = {isa = PBXBuildFile; fileRef = BA7731792840A2D2005F936B /* GoGoAnimeUITests.swift */; };
		BA77317C2840A2D2005F936B /* GoGoAnimeUITestsLaunchTests.swift in Sources */ = {isa = PBXBuildFile; fileRef = BA77317B2840A2D2005F936B /* GoGoAnimeUITestsLaunchTests.swift */; };
		BA7731912840AE5C005F936B /* AuthManager.swift in Sources */ = {isa = PBXBuildFile; fileRef = BA7731902840AE5C005F936B /* AuthManager.swift */; };
		BA7731932840AE6B005F936B /* APICaller.swift in Sources */ = {isa = PBXBuildFile; fileRef = BA7731922840AE6B005F936B /* APICaller.swift */; };
		BA7731962840AEBF005F936B /* Anime.swift in Sources */ = {isa = PBXBuildFile; fileRef = BA7731952840AEBF005F936B /* Anime.swift */; };
		BA7731982840AEE4005F936B /* AnimeDetailsResponse.swift in Sources */ = {isa = PBXBuildFile; fileRef = BA7731972840AEE4005F936B /* AnimeDetailsResponse.swift */; };
		BA77319B2840AF3A005F936B /* MainTabBarViewController.swift in Sources */ = {isa = PBXBuildFile; fileRef = BA77319A2840AF3A005F936B /* MainTabBarViewController.swift */; };
		BA77319D2840AF6B005F936B /* HomeViewController.swift in Sources */ = {isa = PBXBuildFile; fileRef = BA77319C2840AF6B005F936B /* HomeViewController.swift */; };
		BA7731A02840AFA4005F936B /* SDWebImageSwiftUI in Frameworks */ = {isa = PBXBuildFile; productRef = BA77319F2840AFA4005F936B /* SDWebImageSwiftUI */; };
		BA7731A22840B068005F936B /* SearchViewController.swift in Sources */ = {isa = PBXBuildFile; fileRef = BA7731A12840B068005F936B /* SearchViewController.swift */; };
		BA7731A42840B0AE005F936B /* LibraryViewController.swift in Sources */ = {isa = PBXBuildFile; fileRef = BA7731A32840B0AE005F936B /* LibraryViewController.swift */; };
		BA7731A72840B0ED005F936B /* WelcomeViewController.swift in Sources */ = {isa = PBXBuildFile; fileRef = BA7731A62840B0ED005F936B /* WelcomeViewController.swift */; };
		BA7731A92840B10E005F936B /* AuthViewController.swift in Sources */ = {isa = PBXBuildFile; fileRef = BA7731A82840B10E005F936B /* AuthViewController.swift */; };
		BA7731AB2840B145005F936B /* AnimeCollectionViewCell.swift in Sources */ = {isa = PBXBuildFile; fileRef = BA7731AA2840B145005F936B /* AnimeCollectionViewCell.swift */; };
		BA7731AD2840B229005F936B /* Extensions.swift in Sources */ = {isa = PBXBuildFile; fileRef = BA7731AC2840B229005F936B /* Extensions.swift */; };
		BA7731AF2840B269005F936B /* AnimeDetails1ViewController.swift in Sources */ = {isa = PBXBuildFile; fileRef = BA7731AE2840B269005F936B /* AnimeDetails1ViewController.swift */; };
/* End PBXBuildFile section */

/* Begin PBXContainerItemProxy section */
		BA77316C2840A2D2005F936B /* PBXContainerItemProxy */ = {
			isa = PBXContainerItemProxy;
			containerPortal = BA77314D2840A2CD005F936B /* Project object */;
			proxyType = 1;
			remoteGlobalIDString = BA7731542840A2CD005F936B;
			remoteInfo = GoGoAnime;
		};
		BA7731762840A2D2005F936B /* PBXContainerItemProxy */ = {
			isa = PBXContainerItemProxy;
			containerPortal = BA77314D2840A2CD005F936B /* Project object */;
			proxyType = 1;
			remoteGlobalIDString = BA7731542840A2CD005F936B;
			remoteInfo = GoGoAnime;
		};
/* End PBXContainerItemProxy section */

/* Begin PBXFileReference section */
		BA5A156028422D8A00318650 /* SearchResultViewController.swift */ = {isa = PBXFileReference; lastKnownFileType = sourcecode.swift; path = SearchResultViewController.swift; sourceTree = "<group>"; };
		BA6924052842810C005D12C7 /* SearchTableViewCell.swift */ = {isa = PBXFileReference; lastKnownFileType = sourcecode.swift; path = SearchTableViewCell.swift; sourceTree = "<group>"; };
		BA7731552840A2CD005F936B /* GoGoAnime.app */ = {isa = PBXFileReference; explicitFileType = wrapper.application; includeInIndex = 0; path = GoGoAnime.app; sourceTree = BUILT_PRODUCTS_DIR; };
		BA7731582840A2CD005F936B /* AppDelegate.swift */ = {isa = PBXFileReference; lastKnownFileType = sourcecode.swift; path = AppDelegate.swift; sourceTree = "<group>"; };
		BA77315A2840A2CD005F936B /* SceneDelegate.swift */ = {isa = PBXFileReference; lastKnownFileType = sourcecode.swift; path = SceneDelegate.swift; sourceTree = "<group>"; };
		BA77315C2840A2CD005F936B /* ViewController.swift */ = {isa = PBXFileReference; lastKnownFileType = sourcecode.swift; path = ViewController.swift; sourceTree = "<group>"; };
		BA7731612840A2D1005F936B /* Assets.xcassets */ = {isa = PBXFileReference; lastKnownFileType = folder.assetcatalog; path = Assets.xcassets; sourceTree = "<group>"; };
		BA7731642840A2D1005F936B /* Base */ = {isa = PBXFileReference; lastKnownFileType = file.storyboard; name = Base; path = Base.lproj/LaunchScreen.storyboard; sourceTree = "<group>"; };
		BA7731662840A2D1005F936B /* Info.plist */ = {isa = PBXFileReference; lastKnownFileType = text.plist.xml; path = Info.plist; sourceTree = "<group>"; };
		BA77316B2840A2D2005F936B /* GoGoAnimeTests.xctest */ = {isa = PBXFileReference; explicitFileType = wrapper.cfbundle; includeInIndex = 0; path = GoGoAnimeTests.xctest; sourceTree = BUILT_PRODUCTS_DIR; };
		BA77316F2840A2D2005F936B /* GoGoAnimeTests.swift */ = {isa = PBXFileReference; lastKnownFileType = sourcecode.swift; path = GoGoAnimeTests.swift; sourceTree = "<group>"; };
		BA7731752840A2D2005F936B /* GoGoAnimeUITests.xctest */ = {isa = PBXFileReference; explicitFileType = wrapper.cfbundle; includeInIndex = 0; path = GoGoAnimeUITests.xctest; sourceTree = BUILT_PRODUCTS_DIR; };
		BA7731792840A2D2005F936B /* GoGoAnimeUITests.swift */ = {isa = PBXFileReference; lastKnownFileType = sourcecode.swift; path = GoGoAnimeUITests.swift; sourceTree = "<group>"; };
		BA77317B2840A2D2005F936B /* GoGoAnimeUITestsLaunchTests.swift */ = {isa = PBXFileReference; lastKnownFileType = sourcecode.swift; path = GoGoAnimeUITestsLaunchTests.swift; sourceTree = "<group>"; };
		BA7731902840AE5C005F936B /* AuthManager.swift */ = {isa = PBXFileReference; lastKnownFileType = sourcecode.swift; path = AuthManager.swift; sourceTree = "<group>"; };
		BA7731922840AE6B005F936B /* APICaller.swift */ = {isa = PBXFileReference; lastKnownFileType = sourcecode.swift; path = APICaller.swift; sourceTree = "<group>"; };
		BA7731952840AEBF005F936B /* Anime.swift */ = {isa = PBXFileReference; lastKnownFileType = sourcecode.swift; path = Anime.swift; sourceTree = "<group>"; };
		BA7731972840AEE4005F936B /* AnimeDetailsResponse.swift */ = {isa = PBXFileReference; lastKnownFileType = sourcecode.swift; path = AnimeDetailsResponse.swift; sourceTree = "<group>"; };
		BA77319A2840AF3A005F936B /* MainTabBarViewController.swift */ = {isa = PBXFileReference; lastKnownFileType = sourcecode.swift; path = MainTabBarViewController.swift; sourceTree = "<group>"; };
		BA77319C2840AF6B005F936B /* HomeViewController.swift */ = {isa = PBXFileReference; lastKnownFileType = sourcecode.swift; path = HomeViewController.swift; sourceTree = "<group>"; };
		BA7731A12840B068005F936B /* SearchViewController.swift */ = {isa = PBXFileReference; lastKnownFileType = sourcecode.swift; path = SearchViewController.swift; sourceTree = "<group>"; };
		BA7731A32840B0AE005F936B /* LibraryViewController.swift */ = {isa = PBXFileReference; lastKnownFileType = sourcecode.swift; path = LibraryViewController.swift; sourceTree = "<group>"; };
		BA7731A62840B0ED005F936B /* WelcomeViewController.swift */ = {isa = PBXFileReference; lastKnownFileType = sourcecode.swift; path = WelcomeViewController.swift; sourceTree = "<group>"; };
		BA7731A82840B10E005F936B /* AuthViewController.swift */ = {isa = PBXFileReference; lastKnownFileType = sourcecode.swift; path = AuthViewController.swift; sourceTree = "<group>"; };
		BA7731AA2840B145005F936B /* AnimeCollectionViewCell.swift */ = {isa = PBXFileReference; lastKnownFileType = sourcecode.swift; path = AnimeCollectionViewCell.swift; sourceTree = "<group>"; };
		BA7731AC2840B229005F936B /* Extensions.swift */ = {isa = PBXFileReference; lastKnownFileType = sourcecode.swift; path = Extensions.swift; sourceTree = "<group>"; };
		BA7731AE2840B269005F936B /* AnimeDetails1ViewController.swift */ = {isa = PBXFileReference; lastKnownFileType = sourcecode.swift; path = AnimeDetails1ViewController.swift; sourceTree = "<group>"; };
/* End PBXFileReference section */

/* Begin PBXFrameworksBuildPhase section */
		BA7731522840A2CD005F936B /* Frameworks */ = {
			isa = PBXFrameworksBuildPhase;
			buildActionMask = 2147483647;
			files = (
				BA7731A02840AFA4005F936B /* SDWebImageSwiftUI in Frameworks */,
			);
			runOnlyForDeploymentPostprocessing = 0;
		};
		BA7731682840A2D2005F936B /* Frameworks */ = {
			isa = PBXFrameworksBuildPhase;
			buildActionMask = 2147483647;
			files = (
			);
			runOnlyForDeploymentPostprocessing = 0;
		};
		BA7731722840A2D2005F936B /* Frameworks */ = {
			isa = PBXFrameworksBuildPhase;
			buildActionMask = 2147483647;
			files = (
			);
			runOnlyForDeploymentPostprocessing = 0;
		};
/* End PBXFrameworksBuildPhase section */

/* Begin PBXGroup section */
		BA6924072843084A005D12C7 /* Home */ = {
			isa = PBXGroup;
			children = (
				BA77319C2840AF6B005F936B /* HomeViewController.swift */,
				BA7731AA2840B145005F936B /* AnimeCollectionViewCell.swift */,
			);
			path = Home;
			sourceTree = "<group>";
		};
		BA69240828430878005D12C7 /* Library */ = {
			isa = PBXGroup;
			children = (
				BA7731A32840B0AE005F936B /* LibraryViewController.swift */,
			);
			path = Library;
			sourceTree = "<group>";
		};
		BA6924092843088A005D12C7 /* Search */ = {
			isa = PBXGroup;
			children = (
				BA7731A12840B068005F936B /* SearchViewController.swift */,
				BA5A156028422D8A00318650 /* SearchResultViewController.swift */,
				BA6924052842810C005D12C7 /* SearchTableViewCell.swift */,
			);
			path = Search;
			sourceTree = "<group>";
		};
		BA77314C2840A2CD005F936B = {
			isa = PBXGroup;
			children = (
				BA7731572840A2CD005F936B /* GoGoAnime */,
				BA77316E2840A2D2005F936B /* GoGoAnimeTests */,
				BA7731782840A2D2005F936B /* GoGoAnimeUITests */,
				BA7731562840A2CD005F936B /* Products */,
			);
			sourceTree = "<group>";
		};
		BA7731562840A2CD005F936B /* Products */ = {
			isa = PBXGroup;
			children = (
				BA7731552840A2CD005F936B /* GoGoAnime.app */,
				BA77316B2840A2D2005F936B /* GoGoAnimeTests.xctest */,
				BA7731752840A2D2005F936B /* GoGoAnimeUITests.xctest */,
			);
			name = Products;
			sourceTree = "<group>";
		};
		BA7731572840A2CD005F936B /* GoGoAnime */ = {
			isa = PBXGroup;
			children = (
				BA7731A52840B0DD005F936B /* Others */,
				BA7731992840AF0C005F936B /* Controllers */,
				BA7731942840AEB3005F936B /* Model */,
				BA77318F2840AE48005F936B /* Managers */,
				BA77318E2840AE2C005F936B /* Base */,
				BA7731612840A2D1005F936B /* Assets.xcassets */,
				BA7731632840A2D1005F936B /* LaunchScreen.storyboard */,
				BA7731662840A2D1005F936B /* Info.plist */,
				BA7731AC2840B229005F936B /* Extensions.swift */,
			);
			path = GoGoAnime;
			sourceTree = "<group>";
		};
		BA77316E2840A2D2005F936B /* GoGoAnimeTests */ = {
			isa = PBXGroup;
			children = (
				BA77316F2840A2D2005F936B /* GoGoAnimeTests.swift */,
			);
			path = GoGoAnimeTests;
			sourceTree = "<group>";
		};
		BA7731782840A2D2005F936B /* GoGoAnimeUITests */ = {
			isa = PBXGroup;
			children = (
				BA7731792840A2D2005F936B /* GoGoAnimeUITests.swift */,
				BA77317B2840A2D2005F936B /* GoGoAnimeUITestsLaunchTests.swift */,
			);
			path = GoGoAnimeUITests;
			sourceTree = "<group>";
		};
		BA77318E2840AE2C005F936B /* Base */ = {
			isa = PBXGroup;
			children = (
				BA7731582840A2CD005F936B /* AppDelegate.swift */,
				BA77315A2840A2CD005F936B /* SceneDelegate.swift */,
				BA77315C2840A2CD005F936B /* ViewController.swift */,
			);
			path = Base;
			sourceTree = "<group>";
		};
		BA77318F2840AE48005F936B /* Managers */ = {
			isa = PBXGroup;
			children = (
				BA7731902840AE5C005F936B /* AuthManager.swift */,
				BA7731922840AE6B005F936B /* APICaller.swift */,
			);
			path = Managers;
			sourceTree = "<group>";
		};
		BA7731942840AEB3005F936B /* Model */ = {
			isa = PBXGroup;
			children = (
				BA7731952840AEBF005F936B /* Anime.swift */,
				BA7731972840AEE4005F936B /* AnimeDetailsResponse.swift */,
			);
			path = Model;
			sourceTree = "<group>";
		};
		BA7731992840AF0C005F936B /* Controllers */ = {
			isa = PBXGroup;
			children = (
				BA77319A2840AF3A005F936B /* MainTabBarViewController.swift */,
				BA6924092843088A005D12C7 /* Search */,
				BA69240828430878005D12C7 /* Library */,
				BA6924072843084A005D12C7 /* Home */,
			);
			path = Controllers;
			sourceTree = "<group>";
		};
		BA7731A52840B0DD005F936B /* Others */ = {
			isa = PBXGroup;
			children = (
				BA7731A62840B0ED005F936B /* WelcomeViewController.swift */,
				BA7731A82840B10E005F936B /* AuthViewController.swift */,
				BA7731AE2840B269005F936B /* AnimeDetails1ViewController.swift */,
			);
			path = Others;
			sourceTree = "<group>";
		};
/* End PBXGroup section */

/* Begin PBXNativeTarget section */
		BA7731542840A2CD005F936B /* GoGoAnime */ = {
			isa = PBXNativeTarget;
			buildConfigurationList = BA77317F2840A2D2005F936B /* Build configuration list for PBXNativeTarget "GoGoAnime" */;
			buildPhases = (
				BA7731512840A2CD005F936B /* Sources */,
				BA7731522840A2CD005F936B /* Frameworks */,
				BA7731532840A2CD005F936B /* Resources */,
			);
			buildRules = (
			);
			dependencies = (
			);
			name = GoGoAnime;
			packageProductDependencies = (
				BA77319F2840AFA4005F936B /* SDWebImageSwiftUI */,
			);
			productName = GoGoAnime;
			productReference = BA7731552840A2CD005F936B /* GoGoAnime.app */;
			productType = "com.apple.product-type.application";
		};
		BA77316A2840A2D2005F936B /* GoGoAnimeTests */ = {
			isa = PBXNativeTarget;
			buildConfigurationList = BA7731822840A2D2005F936B /* Build configuration list for PBXNativeTarget "GoGoAnimeTests" */;
			buildPhases = (
				BA7731672840A2D2005F936B /* Sources */,
				BA7731682840A2D2005F936B /* Frameworks */,
				BA7731692840A2D2005F936B /* Resources */,
			);
			buildRules = (
			);
			dependencies = (
				BA77316D2840A2D2005F936B /* PBXTargetDependency */,
			);
			name = GoGoAnimeTests;
			productName = GoGoAnimeTests;
			productReference = BA77316B2840A2D2005F936B /* GoGoAnimeTests.xctest */;
			productType = "com.apple.product-type.bundle.unit-test";
		};
		BA7731742840A2D2005F936B /* GoGoAnimeUITests */ = {
			isa = PBXNativeTarget;
			buildConfigurationList = BA7731852840A2D2005F936B /* Build configuration list for PBXNativeTarget "GoGoAnimeUITests" */;
			buildPhases = (
				BA7731712840A2D2005F936B /* Sources */,
				BA7731722840A2D2005F936B /* Frameworks */,
				BA7731732840A2D2005F936B /* Resources */,
			);
			buildRules = (
			);
			dependencies = (
				BA7731772840A2D2005F936B /* PBXTargetDependency */,
			);
			name = GoGoAnimeUITests;
			productName = GoGoAnimeUITests;
			productReference = BA7731752840A2D2005F936B /* GoGoAnimeUITests.xctest */;
			productType = "com.apple.product-type.bundle.ui-testing";
		};
/* End PBXNativeTarget section */

/* Begin PBXProject section */
		BA77314D2840A2CD005F936B /* Project object */ = {
			isa = PBXProject;
			attributes = {
				BuildIndependentTargetsInParallel = 1;
				LastSwiftUpdateCheck = 1340;
				LastUpgradeCheck = 1340;
				TargetAttributes = {
					BA7731542840A2CD005F936B = {
						CreatedOnToolsVersion = 13.4;
					};
					BA77316A2840A2D2005F936B = {
						CreatedOnToolsVersion = 13.4;
						TestTargetID = BA7731542840A2CD005F936B;
					};
					BA7731742840A2D2005F936B = {
						CreatedOnToolsVersion = 13.4;
						TestTargetID = BA7731542840A2CD005F936B;
					};
				};
			};
			buildConfigurationList = BA7731502840A2CD005F936B /* Build configuration list for PBXProject "GoGoAnime" */;
			compatibilityVersion = "Xcode 13.0";
			developmentRegion = en;
			hasScannedForEncodings = 0;
			knownRegions = (
				en,
				Base,
			);
			mainGroup = BA77314C2840A2CD005F936B;
			packageReferences = (
				BA77319E2840AFA4005F936B /* XCRemoteSwiftPackageReference "SDWebImageSwiftUI" */,
			);
			productRefGroup = BA7731562840A2CD005F936B /* Products */;
			projectDirPath = "";
			projectRoot = "";
			targets = (
				BA7731542840A2CD005F936B /* GoGoAnime */,
				BA77316A2840A2D2005F936B /* GoGoAnimeTests */,
				BA7731742840A2D2005F936B /* GoGoAnimeUITests */,
			);
		};
/* End PBXProject section */

/* Begin PBXResourcesBuildPhase section */
		BA7731532840A2CD005F936B /* Resources */ = {
			isa = PBXResourcesBuildPhase;
			buildActionMask = 2147483647;
			files = (
				BA7731652840A2D1005F936B /* LaunchScreen.storyboard in Resources */,
				BA7731622840A2D1005F936B /* Assets.xcassets in Resources */,
			);
			runOnlyForDeploymentPostprocessing = 0;
		};
		BA7731692840A2D2005F936B /* Resources */ = {
			isa = PBXResourcesBuildPhase;
			buildActionMask = 2147483647;
			files = (
			);
			runOnlyForDeploymentPostprocessing = 0;
		};
		BA7731732840A2D2005F936B /* Resources */ = {
			isa = PBXResourcesBuildPhase;
			buildActionMask = 2147483647;
			files = (
			);
			runOnlyForDeploymentPostprocessing = 0;
		};
/* End PBXResourcesBuildPhase section */

/* Begin PBXSourcesBuildPhase section */
		BA7731512840A2CD005F936B /* Sources */ = {
			isa = PBXSourcesBuildPhase;
			buildActionMask = 2147483647;
			files = (
				BA7731A22840B068005F936B /* SearchViewController.swift in Sources */,
				BA7731AB2840B145005F936B /* AnimeCollectionViewCell.swift in Sources */,
				BA7731A42840B0AE005F936B /* LibraryViewController.swift in Sources */,
				BA77315D2840A2CD005F936B /* ViewController.swift in Sources */,
				BA7731AF2840B269005F936B /* AnimeDetails1ViewController.swift in Sources */,
				BA77319B2840AF3A005F936B /* MainTabBarViewController.swift in Sources */,
				BA7731912840AE5C005F936B /* AuthManager.swift in Sources */,
				BA7731962840AEBF005F936B /* Anime.swift in Sources */,
				BA6924062842810C005D12C7 /* SearchTableViewCell.swift in Sources */,
				BA7731592840A2CD005F936B /* AppDelegate.swift in Sources */,
				BA5A156128422D8A00318650 /* SearchResultViewController.swift in Sources */,
				BA77319D2840AF6B005F936B /* HomeViewController.swift in Sources */,
				BA7731A92840B10E005F936B /* AuthViewController.swift in Sources */,
				BA7731AD2840B229005F936B /* Extensions.swift in Sources */,
				BA7731932840AE6B005F936B /* APICaller.swift in Sources */,
				BA7731A72840B0ED005F936B /* WelcomeViewController.swift in Sources */,
				BA7731982840AEE4005F936B /* AnimeDetailsResponse.swift in Sources */,
				BA77315B2840A2CD005F936B /* SceneDelegate.swift in Sources */,
			);
			runOnlyForDeploymentPostprocessing = 0;
		};
		BA7731672840A2D2005F936B /* Sources */ = {
			isa = PBXSourcesBuildPhase;
			buildActionMask = 2147483647;
			files = (
				BA7731702840A2D2005F936B /* GoGoAnimeTests.swift in Sources */,
			);
			runOnlyForDeploymentPostprocessing = 0;
		};
		BA7731712840A2D2005F936B /* Sources */ = {
			isa = PBXSourcesBuildPhase;
			buildActionMask = 2147483647;
			files = (
				BA77317A2840A2D2005F936B /* GoGoAnimeUITests.swift in Sources */,
				BA77317C2840A2D2005F936B /* GoGoAnimeUITestsLaunchTests.swift in Sources */,
			);
			runOnlyForDeploymentPostprocessing = 0;
		};
/* End PBXSourcesBuildPhase section */

/* Begin PBXTargetDependency section */
		BA77316D2840A2D2005F936B /* PBXTargetDependency */ = {
			isa = PBXTargetDependency;
			target = BA7731542840A2CD005F936B /* GoGoAnime */;
			targetProxy = BA77316C2840A2D2005F936B /* PBXContainerItemProxy */;
		};
		BA7731772840A2D2005F936B /* PBXTargetDependency */ = {
			isa = PBXTargetDependency;
			target = BA7731542840A2CD005F936B /* GoGoAnime */;
			targetProxy = BA7731762840A2D2005F936B /* PBXContainerItemProxy */;
		};
/* End PBXTargetDependency section */

/* Begin PBXVariantGroup section */
		BA7731632840A2D1005F936B /* LaunchScreen.storyboard */ = {
			isa = PBXVariantGroup;
			children = (
				BA7731642840A2D1005F936B /* Base */,
			);
			name = LaunchScreen.storyboard;
			sourceTree = "<group>";
		};
/* End PBXVariantGroup section */

/* Begin XCBuildConfiguration section */
		BA77317D2840A2D2005F936B /* Debug */ = {
			isa = XCBuildConfiguration;
			buildSettings = {
				ALWAYS_SEARCH_USER_PATHS = NO;
				CLANG_ANALYZER_NONNULL = YES;
				CLANG_ANALYZER_NUMBER_OBJECT_CONVERSION = YES_AGGRESSIVE;
				CLANG_CXX_LANGUAGE_STANDARD = "gnu++17";
				CLANG_ENABLE_MODULES = YES;
				CLANG_ENABLE_OBJC_ARC = YES;
				CLANG_ENABLE_OBJC_WEAK = YES;
				CLANG_WARN_BLOCK_CAPTURE_AUTORELEASING = YES;
				CLANG_WARN_BOOL_CONVERSION = YES;
				CLANG_WARN_COMMA = YES;
				CLANG_WARN_CONSTANT_CONVERSION = YES;
				CLANG_WARN_DEPRECATED_OBJC_IMPLEMENTATIONS = YES;
				CLANG_WARN_DIRECT_OBJC_ISA_USAGE = YES_ERROR;
				CLANG_WARN_DOCUMENTATION_COMMENTS = YES;
				CLANG_WARN_EMPTY_BODY = YES;
				CLANG_WARN_ENUM_CONVERSION = YES;
				CLANG_WARN_INFINITE_RECURSION = YES;
				CLANG_WARN_INT_CONVERSION = YES;
				CLANG_WARN_NON_LITERAL_NULL_CONVERSION = YES;
				CLANG_WARN_OBJC_IMPLICIT_RETAIN_SELF = YES;
				CLANG_WARN_OBJC_LITERAL_CONVERSION = YES;
				CLANG_WARN_OBJC_ROOT_CLASS = YES_ERROR;
				CLANG_WARN_QUOTED_INCLUDE_IN_FRAMEWORK_HEADER = YES;
				CLANG_WARN_RANGE_LOOP_ANALYSIS = YES;
				CLANG_WARN_STRICT_PROTOTYPES = YES;
				CLANG_WARN_SUSPICIOUS_MOVE = YES;
				CLANG_WARN_UNGUARDED_AVAILABILITY = YES_AGGRESSIVE;
				CLANG_WARN_UNREACHABLE_CODE = YES;
				CLANG_WARN__DUPLICATE_METHOD_MATCH = YES;
				COPY_PHASE_STRIP = NO;
				DEBUG_INFORMATION_FORMAT = dwarf;
				ENABLE_STRICT_OBJC_MSGSEND = YES;
				ENABLE_TESTABILITY = YES;
				GCC_C_LANGUAGE_STANDARD = gnu11;
				GCC_DYNAMIC_NO_PIC = NO;
				GCC_NO_COMMON_BLOCKS = YES;
				GCC_OPTIMIZATION_LEVEL = 0;
				GCC_PREPROCESSOR_DEFINITIONS = (
					"DEBUG=1",
					"$(inherited)",
				);
				GCC_WARN_64_TO_32_BIT_CONVERSION = YES;
				GCC_WARN_ABOUT_RETURN_TYPE = YES_ERROR;
				GCC_WARN_UNDECLARED_SELECTOR = YES;
				GCC_WARN_UNINITIALIZED_AUTOS = YES_AGGRESSIVE;
				GCC_WARN_UNUSED_FUNCTION = YES;
				GCC_WARN_UNUSED_VARIABLE = YES;
				IPHONEOS_DEPLOYMENT_TARGET = 15.5;
				MTL_ENABLE_DEBUG_INFO = INCLUDE_SOURCE;
				MTL_FAST_MATH = YES;
				ONLY_ACTIVE_ARCH = YES;
				SDKROOT = iphoneos;
				SWIFT_ACTIVE_COMPILATION_CONDITIONS = DEBUG;
				SWIFT_OPTIMIZATION_LEVEL = "-Onone";
			};
			name = Debug;
		};
		BA77317E2840A2D2005F936B /* Release */ = {
			isa = XCBuildConfiguration;
			buildSettings = {
				ALWAYS_SEARCH_USER_PATHS = NO;
				CLANG_ANALYZER_NONNULL = YES;
				CLANG_ANALYZER_NUMBER_OBJECT_CONVERSION = YES_AGGRESSIVE;
				CLANG_CXX_LANGUAGE_STANDARD = "gnu++17";
				CLANG_ENABLE_MODULES = YES;
				CLANG_ENABLE_OBJC_ARC = YES;
				CLANG_ENABLE_OBJC_WEAK = YES;
				CLANG_WARN_BLOCK_CAPTURE_AUTORELEASING = YES;
				CLANG_WARN_BOOL_CONVERSION = YES;
				CLANG_WARN_COMMA = YES;
				CLANG_WARN_CONSTANT_CONVERSION = YES;
				CLANG_WARN_DEPRECATED_OBJC_IMPLEMENTATIONS = YES;
				CLANG_WARN_DIRECT_OBJC_ISA_USAGE = YES_ERROR;
				CLANG_WARN_DOCUMENTATION_COMMENTS = YES;
				CLANG_WARN_EMPTY_BODY = YES;
				CLANG_WARN_ENUM_CONVERSION = YES;
				CLANG_WARN_INFINITE_RECURSION = YES;
				CLANG_WARN_INT_CONVERSION = YES;
				CLANG_WARN_NON_LITERAL_NULL_CONVERSION = YES;
				CLANG_WARN_OBJC_IMPLICIT_RETAIN_SELF = YES;
				CLANG_WARN_OBJC_LITERAL_CONVERSION = YES;
				CLANG_WARN_OBJC_ROOT_CLASS = YES_ERROR;
				CLANG_WARN_QUOTED_INCLUDE_IN_FRAMEWORK_HEADER = YES;
				CLANG_WARN_RANGE_LOOP_ANALYSIS = YES;
				CLANG_WARN_STRICT_PROTOTYPES = YES;
				CLANG_WARN_SUSPICIOUS_MOVE = YES;
				CLANG_WARN_UNGUARDED_AVAILABILITY = YES_AGGRESSIVE;
				CLANG_WARN_UNREACHABLE_CODE = YES;
				CLANG_WARN__DUPLICATE_METHOD_MATCH = YES;
				COPY_PHASE_STRIP = NO;
				DEBUG_INFORMATION_FORMAT = "dwarf-with-dsym";
				ENABLE_NS_ASSERTIONS = NO;
				ENABLE_STRICT_OBJC_MSGSEND = YES;
				GCC_C_LANGUAGE_STANDARD = gnu11;
				GCC_NO_COMMON_BLOCKS = YES;
				GCC_WARN_64_TO_32_BIT_CONVERSION = YES;
				GCC_WARN_ABOUT_RETURN_TYPE = YES_ERROR;
				GCC_WARN_UNDECLARED_SELECTOR = YES;
				GCC_WARN_UNINITIALIZED_AUTOS = YES_AGGRESSIVE;
				GCC_WARN_UNUSED_FUNCTION = YES;
				GCC_WARN_UNUSED_VARIABLE = YES;
				IPHONEOS_DEPLOYMENT_TARGET = 15.5;
				MTL_ENABLE_DEBUG_INFO = NO;
				MTL_FAST_MATH = YES;
				SDKROOT = iphoneos;
				SWIFT_COMPILATION_MODE = wholemodule;
				SWIFT_OPTIMIZATION_LEVEL = "-O";
				VALIDATE_PRODUCT = YES;
			};
			name = Release;
		};
		BA7731802840A2D2005F936B /* Debug */ = {
			isa = XCBuildConfiguration;
			buildSettings = {
				ASSETCATALOG_COMPILER_APPICON_NAME = AppIcon;
				ASSETCATALOG_COMPILER_GLOBAL_ACCENT_COLOR_NAME = AccentColor;
				CODE_SIGN_STYLE = Automatic;
				CURRENT_PROJECT_VERSION = 1;
				DEVELOPMENT_TEAM = 5DMC52RC2S;
				GENERATE_INFOPLIST_FILE = YES;
				INFOPLIST_FILE = GoGoAnime/Info.plist;
				INFOPLIST_KEY_UIApplicationSupportsIndirectInputEvents = YES;
				INFOPLIST_KEY_UILaunchStoryboardName = LaunchScreen;
				INFOPLIST_KEY_UISupportedInterfaceOrientations_iPad = "UIInterfaceOrientationPortrait UIInterfaceOrientationPortraitUpsideDown UIInterfaceOrientationLandscapeLeft UIInterfaceOrientationLandscapeRight";
				INFOPLIST_KEY_UISupportedInterfaceOrientations_iPhone = "UIInterfaceOrientationPortrait UIInterfaceOrientationLandscapeLeft UIInterfaceOrientationLandscapeRight";
				LD_RUNPATH_SEARCH_PATHS = (
					"$(inherited)",
					"@executable_path/Frameworks",
				);
				MARKETING_VERSION = 1.0;
				PRODUCT_BUNDLE_IDENTIFIER = Nezuko.GoGoAnime;
				PRODUCT_NAME = "$(TARGET_NAME)";
				SWIFT_EMIT_LOC_STRINGS = YES;
				SWIFT_VERSION = 5.0;
				TARGETED_DEVICE_FAMILY = "1,2";
			};
			name = Debug;
		};
		BA7731812840A2D2005F936B /* Release */ = {
			isa = XCBuildConfiguration;
			buildSettings = {
				ASSETCATALOG_COMPILER_APPICON_NAME = AppIcon;
				ASSETCATALOG_COMPILER_GLOBAL_ACCENT_COLOR_NAME = AccentColor;
				CODE_SIGN_STYLE = Automatic;
				CURRENT_PROJECT_VERSION = 1;
				DEVELOPMENT_TEAM = 5DMC52RC2S;
				GENERATE_INFOPLIST_FILE = YES;
				INFOPLIST_FILE = GoGoAnime/Info.plist;
				INFOPLIST_KEY_UIApplicationSupportsIndirectInputEvents = YES;
				INFOPLIST_KEY_UILaunchStoryboardName = LaunchScreen;
				INFOPLIST_KEY_UISupportedInterfaceOrientations_iPad = "UIInterfaceOrientationPortrait UIInterfaceOrientationPortraitUpsideDown UIInterfaceOrientationLandscapeLeft UIInterfaceOrientationLandscapeRight";
				INFOPLIST_KEY_UISupportedInterfaceOrientations_iPhone = "UIInterfaceOrientationPortrait UIInterfaceOrientationLandscapeLeft UIInterfaceOrientationLandscapeRight";
				LD_RUNPATH_SEARCH_PATHS = (
					"$(inherited)",
					"@executable_path/Frameworks",
				);
				MARKETING_VERSION = 1.0;
				PRODUCT_BUNDLE_IDENTIFIER = Nezuko.GoGoAnime;
				PRODUCT_NAME = "$(TARGET_NAME)";
				SWIFT_EMIT_LOC_STRINGS = YES;
				SWIFT_VERSION = 5.0;
				TARGETED_DEVICE_FAMILY = "1,2";
			};
			name = Release;
		};
		BA7731832840A2D2005F936B /* Debug */ = {
			isa = XCBuildConfiguration;
			buildSettings = {
				ALWAYS_EMBED_SWIFT_STANDARD_LIBRARIES = YES;
				BUNDLE_LOADER = "$(TEST_HOST)";
				CODE_SIGN_STYLE = Automatic;
				CURRENT_PROJECT_VERSION = 1;
				DEVELOPMENT_TEAM = 5DMC52RC2S;
				GENERATE_INFOPLIST_FILE = YES;
				IPHONEOS_DEPLOYMENT_TARGET = 15.5;
				MARKETING_VERSION = 1.0;
				PRODUCT_BUNDLE_IDENTIFIER = Nezuko.GoGoAnimeTests;
				PRODUCT_NAME = "$(TARGET_NAME)";
				SWIFT_EMIT_LOC_STRINGS = NO;
				SWIFT_VERSION = 5.0;
				TARGETED_DEVICE_FAMILY = "1,2";
				TEST_HOST = "$(BUILT_PRODUCTS_DIR)/GoGoAnime.app/GoGoAnime";
			};
			name = Debug;
		};
		BA7731842840A2D2005F936B /* Release */ = {
			isa = XCBuildConfiguration;
			buildSettings = {
				ALWAYS_EMBED_SWIFT_STANDARD_LIBRARIES = YES;
				BUNDLE_LOADER = "$(TEST_HOST)";
				CODE_SIGN_STYLE = Automatic;
				CURRENT_PROJECT_VERSION = 1;
				DEVELOPMENT_TEAM = 5DMC52RC2S;
				GENERATE_INFOPLIST_FILE = YES;
				IPHONEOS_DEPLOYMENT_TARGET = 15.5;
				MARKETING_VERSION = 1.0;
				PRODUCT_BUNDLE_IDENTIFIER = Nezuko.GoGoAnimeTests;
				PRODUCT_NAME = "$(TARGET_NAME)";
				SWIFT_EMIT_LOC_STRINGS = NO;
				SWIFT_VERSION = 5.0;
				TARGETED_DEVICE_FAMILY = "1,2";
				TEST_HOST = "$(BUILT_PRODUCTS_DIR)/GoGoAnime.app/GoGoAnime";
			};
			name = Release;
		};
		BA7731862840A2D2005F936B /* Debug */ = {
			isa = XCBuildConfiguration;
			buildSettings = {
				ALWAYS_EMBED_SWIFT_STANDARD_LIBRARIES = YES;
				CODE_SIGN_STYLE = Automatic;
				CURRENT_PROJECT_VERSION = 1;
				DEVELOPMENT_TEAM = 5DMC52RC2S;
				GENERATE_INFOPLIST_FILE = YES;
				MARKETING_VERSION = 1.0;
				PRODUCT_BUNDLE_IDENTIFIER = Nezuko.GoGoAnimeUITests;
				PRODUCT_NAME = "$(TARGET_NAME)";
				SWIFT_EMIT_LOC_STRINGS = NO;
				SWIFT_VERSION = 5.0;
				TARGETED_DEVICE_FAMILY = "1,2";
				TEST_TARGET_NAME = GoGoAnime;
			};
			name = Debug;
		};
		BA7731872840A2D2005F936B /* Release */ = {
			isa = XCBuildConfiguration;
			buildSettings = {
				ALWAYS_EMBED_SWIFT_STANDARD_LIBRARIES = YES;
				CODE_SIGN_STYLE = Automatic;
				CURRENT_PROJECT_VERSION = 1;
				DEVELOPMENT_TEAM = 5DMC52RC2S;
				GENERATE_INFOPLIST_FILE = YES;
				MARKETING_VERSION = 1.0;
				PRODUCT_BUNDLE_IDENTIFIER = Nezuko.GoGoAnimeUITests;
				PRODUCT_NAME = "$(TARGET_NAME)";
				SWIFT_EMIT_LOC_STRINGS = NO;
				SWIFT_VERSION = 5.0;
				TARGETED_DEVICE_FAMILY = "1,2";
				TEST_TARGET_NAME = GoGoAnime;
			};
			name = Release;
		};
/* End XCBuildConfiguration section */

/* Begin XCConfigurationList section */
		BA7731502840A2CD005F936B /* Build configuration list for PBXProject "GoGoAnime" */ = {
			isa = XCConfigurationList;
			buildConfigurations = (
				BA77317D2840A2D2005F936B /* Debug */,
				BA77317E2840A2D2005F936B /* Release */,
			);
			defaultConfigurationIsVisible = 0;
			defaultConfigurationName = Release;
		};
		BA77317F2840A2D2005F936B /* Build configuration list for PBXNativeTarget "GoGoAnime" */ = {
			isa = XCConfigurationList;
			buildConfigurations = (
				BA7731802840A2D2005F936B /* Debug */,
				BA7731812840A2D2005F936B /* Release */,
			);
			defaultConfigurationIsVisible = 0;
			defaultConfigurationName = Release;
		};
		BA7731822840A2D2005F936B /* Build configuration list for PBXNativeTarget "GoGoAnimeTests" */ = {
			isa = XCConfigurationList;
			buildConfigurations = (
				BA7731832840A2D2005F936B /* Debug */,
				BA7731842840A2D2005F936B /* Release */,
			);
			defaultConfigurationIsVisible = 0;
			defaultConfigurationName = Release;
		};
		BA7731852840A2D2005F936B /* Build configuration list for PBXNativeTarget "GoGoAnimeUITests" */ = {
			isa = XCConfigurationList;
			buildConfigurations = (
				BA7731862840A2D2005F936B /* Debug */,
				BA7731872840A2D2005F936B /* Release */,
			);
			defaultConfigurationIsVisible = 0;
			defaultConfigurationName = Release;
		};
/* End XCConfigurationList section */

/* Begin XCRemoteSwiftPackageReference section */
		BA77319E2840AFA4005F936B /* XCRemoteSwiftPackageReference "SDWebImageSwiftUI" */ = {
			isa = XCRemoteSwiftPackageReference;
			repositoryURL = "https://github.com/SDWebImage/SDWebImageSwiftUI.git";
			requirement = {
				branch = master;
				kind = branch;
			};
		};
/* End XCRemoteSwiftPackageReference section */

/* Begin XCSwiftPackageProductDependency section */
		BA77319F2840AFA4005F936B /* SDWebImageSwiftUI */ = {
			isa = XCSwiftPackageProductDependency;
			package = BA77319E2840AFA4005F936B /* XCRemoteSwiftPackageReference "SDWebImageSwiftUI" */;
			productName = SDWebImageSwiftUI;
		};
/* End XCSwiftPackageProductDependency section */
	};
	rootObject = BA77314D2840A2CD005F936B /* Project object */;
}
